
Microsoft Visual Studio Solution File, Format Version 12.00
# Visual Studio Version 17
VisualStudioVersion = 17.14.36429.23
MinimumVisualStudioVersion = 10.0.40219.1
Project("{FAE04EC0-301F-11D3-BF4B-00C04F79EFBC}") = "MyWebApp", "MyWebApp.csproj", "{A4A8166A-A831-4498-B16A-BA421FFD6AF2}"
EndProject
Project("{FAE04EC0-301F-11D3-BF4B-00C04F79EFBC}") = "MyApp1.Domain", "..\MyApp.Domain\MyApp1.Domain.csproj", "{F8C70032-3BC8-4DDA-97AA-22AD155F6120}"
EndProject
Project("{FAE04EC0-301F-11D3-BF4B-00C04F79EFBC}") = "MyApp1.Application", "..\MyApp1.Application\MyApp1.Application.csproj", "{23540793-A825-46E8-8D39-F4CFEA42FF47}"
EndProject
Project("{FAE04EC0-301F-11D3-BF4B-00C04F79EFBC}") = "MyApp1.Infrastructure", "..\MyApp1.Infrastructure\MyApp1.Infrastructure.csproj", "{E7E19665-F0A8-454C-8CB8-2CD4CF09FF28}"
EndProject
Global
	GlobalSection(SolutionConfigurationPlatforms) = preSolution
		Debug|Any CPU = Debug|Any CPU
		Release|Any CPU = Release|Any CPU
	EndGlobalSection
	GlobalSection(ProjectConfigurationPlatforms) = postSolution
		{A4A8166A-A831-4498-B16A-BA421FFD6AF2}.Debug|Any CPU.ActiveCfg = Debug|Any CPU
		{A4A8166A-A831-4498-B16A-BA421FFD6AF2}.Debug|Any CPU.Build.0 = Debug|Any CPU
		{A4A8166A-A831-4498-B16A-BA421FFD6AF2}.Release|Any CPU.ActiveCfg = Release|Any CPU
		{A4A8166A-A831-4498-B16A-BA421FFD6AF2}.Release|Any CPU.Build.0 = Release|Any CPU
		{F8C70032-3BC8-4DDA-97AA-22AD155F6120}.Debug|Any CPU.ActiveCfg = Debug|Any CPU
		{F8C70032-3BC8-4DDA-97AA-22AD155F6120}.Debug|Any CPU.Build.0 = Debug|Any CPU
		{F8C70032-3BC8-4DDA-97AA-22AD155F6120}.Release|Any CPU.ActiveCfg = Release|Any CPU
		{F8C70032-3BC8-4DDA-97AA-22AD155F6120}.Release|Any CPU.Build.0 = Release|Any CPU
		{23540793-A825-46E8-8D39-F4CFEA42FF47}.Debug|Any CPU.ActiveCfg = Debug|Any CPU
		{23540793-A825-46E8-8D39-F4CFEA42FF47}.Debug|Any CPU.Build.0 = Debug|Any CPU
		{23540793-A825-46E8-8D39-F4CFEA42FF47}.Release|Any CPU.ActiveCfg = Release|Any CPU
		{23540793-A825-46E8-8D39-F4CFEA42FF47}.Release|Any CPU.Build.0 = Release|Any CPU
		{E7E19665-F0A8-454C-8CB8-2CD4CF09FF28}.Debug|Any CPU.ActiveCfg = Debug|Any CPU
		{E7E19665-F0A8-454C-8CB8-2CD4CF09FF28}.Debug|Any CPU.Build.0 = Debug|Any CPU
		{E7E19665-F0A8-454C-8CB8-2CD4CF09FF28}.Release|Any CPU.ActiveCfg = Release|Any CPU
		{E7E19665-F0A8-454C-8CB8-2CD4CF09FF28}.Release|Any CPU.Build.0 = Release|Any CPU
	EndGlobalSection
	GlobalSection(SolutionProperties) = preSolution
		HideSolutionNode = FALSE
	EndGlobalSection
	GlobalSection(ExtensibilityGlobals) = postSolution
		SolutionGuid = {8C43A665-5324-4162-A9C7-D4D8827A8268}
	EndGlobalSection
EndGlobal
